
Microsoft Visual Studio Solution File, Format Version 12.00
# Visual Studio Version 17
VisualStudioVersion = 17.7.34031.279
MinimumVisualStudioVersion = 10.0.40219.1
Project("{FAE04EC0-301F-11D3-BF4B-00C04F79EFBC}") = "Tema3-FormularioStackPanel", "Tema3-FormularioStackPanel.csproj", "{74B8E92A-9E74-4518-AC66-871F0C054F33}"
EndProject
Global
	GlobalSection(SolutionConfigurationPlatforms) = preSolution
		Debug|Any CPU = Debug|Any CPU
		Release|Any CPU = Release|Any CPU
	EndGlobalSection
	GlobalSection(ProjectConfigurationPlatforms) = postSolution
		{74B8E92A-9E74-4518-AC66-871F0C054F33}.Debug|Any CPU.ActiveCfg = Debug|Any CPU
		{74B8E92A-9E74-4518-AC66-871F0C054F33}.Debug|Any CPU.Build.0 = Debug|Any CPU
		{74B8E92A-9E74-4518-AC66-871F0C054F33}.Release|Any CPU.ActiveCfg = Release|Any CPU
		{74B8E92A-9E74-4518-AC66-871F0C054F33}.Release|Any CPU.Build.0 = Release|Any CPU
	EndGlobalSection
	GlobalSection(SolutionProperties) = preSolution
		HideSolutionNode = FALSE
	EndGlobalSection
	GlobalSection(ExtensibilityGlobals) = postSolution
		SolutionGuid = {AF238649-BAEE-4753-843C-7EA7AD05BCCB}
	EndGlobalSection
EndGlobal
